
Microsoft Visual Studio Solution File, Format Version 12.00
# Visual Studio Version 17
VisualStudioVersion = 17.14.36518.9 d17.14
MinimumVisualStudioVersion = 10.0.40219.1
Project("{FAE04EC0-301F-11D3-BF4B-00C04F79EFBC}") = "ObjectRecognitionApp", "ObjectRecognitionApp.csproj", "{EFC912D8-E7C6-14FD-C21B-7A0ADD94609B}"
EndProject
Global
	GlobalSection(SolutionConfigurationPlatforms) = preSolution
		Debug|Any CPU = Debug|Any CPU
		Release|Any CPU = Release|Any CPU
	EndGlobalSection
	GlobalSection(ProjectConfigurationPlatforms) = postSolution
		{EFC912D8-E7C6-14FD-C21B-7A0ADD94609B}.Debug|Any CPU.ActiveCfg = Debug|Any CPU
		{EFC912D8-E7C6-14FD-C21B-7A0ADD94609B}.Debug|Any CPU.Build.0 = Debug|Any CPU
		{EFC912D8-E7C6-14FD-C21B-7A0ADD94609B}.Release|Any CPU.ActiveCfg = Release|Any CPU
		{EFC912D8-E7C6-14FD-C21B-7A0ADD94609B}.Release|Any CPU.Build.0 = Release|Any CPU
	EndGlobalSection
	GlobalSection(SolutionProperties) = preSolution
		HideSolutionNode = FALSE
	EndGlobalSection
	GlobalSection(ExtensibilityGlobals) = postSolution
		SolutionGuid = {FFEFF7EC-F854-4F53-A21B-C33AF17C95B2}
	EndGlobalSection
EndGlobal
